
Microsoft Visual Studio Solution File, Format Version 12.00
# Visual Studio Version 17
VisualStudioVersion = 17.2.32526.322
MinimumVisualStudioVersion = 10.0.40219.1
Project("{FAE04EC0-301F-11D3-BF4B-00C04F79EFBC}") = "Aula_08", "Aula_08\Aula_08.csproj", "{1FFED9DD-A7B9-4B39-ACC8-DD08384A78A2}"
EndProject
Global
	GlobalSection(SolutionConfigurationPlatforms) = preSolution
		Debug|Any CPU = Debug|Any CPU
		Release|Any CPU = Release|Any CPU
	EndGlobalSection
	GlobalSection(ProjectConfigurationPlatforms) = postSolution
		{1FFED9DD-A7B9-4B39-ACC8-DD08384A78A2}.Debug|Any CPU.ActiveCfg = Debug|Any CPU
		{1FFED9DD-A7B9-4B39-ACC8-DD08384A78A2}.Debug|Any CPU.Build.0 = Debug|Any CPU
		{1FFED9DD-A7B9-4B39-ACC8-DD08384A78A2}.Release|Any CPU.ActiveCfg = Release|Any CPU
		{1FFED9DD-A7B9-4B39-ACC8-DD08384A78A2}.Release|Any CPU.Build.0 = Release|Any CPU
	EndGlobalSection
	GlobalSection(SolutionProperties) = preSolution
		HideSolutionNode = FALSE
	EndGlobalSection
	GlobalSection(ExtensibilityGlobals) = postSolution
		SolutionGuid = {29405B1F-146C-4152-B2CE-5C49075CBCB8}
	EndGlobalSection
EndGlobal
